
Microsoft Visual Studio Solution File, Format Version 12.00
# Visual Studio Version 17
VisualStudioVersion = 17.0.31903.59
MinimumVisualStudioVersion = 10.0.40219.1
Project("{FAE04EC0-301F-11D3-BF4B-00C04F79EFBC}") = "MyNUnit.Web.Api", "MyNUnit.Web.Api\MyNUnit.Web.Api.csproj", "{3AF20191-D048-4DA0-952F-6523394F856E}"
EndProject
Project("{FAE04EC0-301F-11D3-BF4B-00C04F79EFBC}") = "MyNUnit.Web.Api.Tests", "MyNUnit.Web.Api.Tests\MyNUnit.Web.Api.Tests.csproj", "{262A7911-917C-4A75-94FB-D4CA8FAD0312}"
EndProject
Global
	GlobalSection(SolutionConfigurationPlatforms) = preSolution
		Debug|Any CPU = Debug|Any CPU
		Debug|x64 = Debug|x64
		Debug|x86 = Debug|x86
		Release|Any CPU = Release|Any CPU
		Release|x64 = Release|x64
		Release|x86 = Release|x86
	EndGlobalSection
	GlobalSection(ProjectConfigurationPlatforms) = postSolution
		{3AF20191-D048-4DA0-952F-6523394F856E}.Debug|Any CPU.ActiveCfg = Debug|Any CPU
		{3AF20191-D048-4DA0-952F-6523394F856E}.Debug|Any CPU.Build.0 = Debug|Any CPU
		{3AF20191-D048-4DA0-952F-6523394F856E}.Debug|x64.ActiveCfg = Debug|Any CPU
		{3AF20191-D048-4DA0-952F-6523394F856E}.Debug|x64.Build.0 = Debug|Any CPU
		{3AF20191-D048-4DA0-952F-6523394F856E}.Debug|x86.ActiveCfg = Debug|Any CPU
		{3AF20191-D048-4DA0-952F-6523394F856E}.Debug|x86.Build.0 = Debug|Any CPU
		{3AF20191-D048-4DA0-952F-6523394F856E}.Release|Any CPU.ActiveCfg = Release|Any CPU
		{3AF20191-D048-4DA0-952F-6523394F856E}.Release|Any CPU.Build.0 = Release|Any CPU
		{3AF20191-D048-4DA0-952F-6523394F856E}.Release|x64.ActiveCfg = Release|Any CPU
		{3AF20191-D048-4DA0-952F-6523394F856E}.Release|x64.Build.0 = Release|Any CPU
		{3AF20191-D048-4DA0-952F-6523394F856E}.Release|x86.ActiveCfg = Release|Any CPU
		{3AF20191-D048-4DA0-952F-6523394F856E}.Release|x86.Build.0 = Release|Any CPU
		{262A7911-917C-4A75-94FB-D4CA8FAD0312}.Debug|Any CPU.ActiveCfg = Debug|Any CPU
		{262A7911-917C-4A75-94FB-D4CA8FAD0312}.Debug|Any CPU.Build.0 = Debug|Any CPU
		{262A7911-917C-4A75-94FB-D4CA8FAD0312}.Debug|x64.ActiveCfg = Debug|Any CPU
		{262A7911-917C-4A75-94FB-D4CA8FAD0312}.Debug|x64.Build.0 = Debug|Any CPU
		{262A7911-917C-4A75-94FB-D4CA8FAD0312}.Debug|x86.ActiveCfg = Debug|Any CPU
		{262A7911-917C-4A75-94FB-D4CA8FAD0312}.Debug|x86.Build.0 = Debug|Any CPU
		{262A7911-917C-4A75-94FB-D4CA8FAD0312}.Release|Any CPU.ActiveCfg = Release|Any CPU
		{262A7911-917C-4A75-94FB-D4CA8FAD0312}.Release|Any CPU.Build.0 = Release|Any CPU
		{262A7911-917C-4A75-94FB-D4CA8FAD0312}.Release|x64.ActiveCfg = Release|Any CPU
		{262A7911-917C-4A75-94FB-D4CA8FAD0312}.Release|x64.Build.0 = Release|Any CPU
		{262A7911-917C-4A75-94FB-D4CA8FAD0312}.Release|x86.ActiveCfg = Release|Any CPU
		{262A7911-917C-4A75-94FB-D4CA8FAD0312}.Release|x86.Build.0 = Release|Any CPU
	EndGlobalSection
	GlobalSection(SolutionProperties) = preSolution
		HideSolutionNode = FALSE
	EndGlobalSection
EndGlobal
