
Microsoft Visual Studio Solution File, Format Version 12.00
# Visual Studio Version 17
VisualStudioVersion = 17.13.35931.197 d17.13
MinimumVisualStudioVersion = 10.0.40219.1
Project("{FAE04EC0-301F-11D3-BF4B-00C04F79EFBC}") = "Lazy", "Lazy\Lazy.csproj", "{1D8E6121-A50D-4C91-A182-BA6C41944D3A}"
EndProject
Project("{FAE04EC0-301F-11D3-BF4B-00C04F79EFBC}") = "LazyTests", "LazyTests\LazyTests.csproj", "{A247372B-C1B0-42A3-958F-C65D71810F61}"
EndProject
Global
	GlobalSection(SolutionConfigurationPlatforms) = preSolution
		Debug|Any CPU = Debug|Any CPU
		Release|Any CPU = Release|Any CPU
	EndGlobalSection
	GlobalSection(ProjectConfigurationPlatforms) = postSolution
		{1D8E6121-A50D-4C91-A182-BA6C41944D3A}.Debug|Any CPU.ActiveCfg = Debug|Any CPU
		{1D8E6121-A50D-4C91-A182-BA6C41944D3A}.Debug|Any CPU.Build.0 = Debug|Any CPU
		{1D8E6121-A50D-4C91-A182-BA6C41944D3A}.Release|Any CPU.ActiveCfg = Release|Any CPU
		{1D8E6121-A50D-4C91-A182-BA6C41944D3A}.Release|Any CPU.Build.0 = Release|Any CPU
		{A247372B-C1B0-42A3-958F-C65D71810F61}.Debug|Any CPU.ActiveCfg = Debug|Any CPU
		{A247372B-C1B0-42A3-958F-C65D71810F61}.Debug|Any CPU.Build.0 = Debug|Any CPU
		{A247372B-C1B0-42A3-958F-C65D71810F61}.Release|Any CPU.ActiveCfg = Release|Any CPU
		{A247372B-C1B0-42A3-958F-C65D71810F61}.Release|Any CPU.Build.0 = Release|Any CPU
	EndGlobalSection
	GlobalSection(SolutionProperties) = preSolution
		HideSolutionNode = FALSE
	EndGlobalSection
	GlobalSection(ExtensibilityGlobals) = postSolution
		SolutionGuid = {9A0C1E2D-BC05-42F4-992C-8194A4934476}
	EndGlobalSection
EndGlobal
