
Microsoft Visual Studio Solution File, Format Version 12.00
# Visual Studio Version 17
VisualStudioVersion = 17.13.35931.197
MinimumVisualStudioVersion = 10.0.40219.1
Project("{FAE04EC0-301F-11D3-BF4B-00C04F79EFBC}") = "ParallelMatrixMultiplication", "ParallelMatrixMultiplication\ParallelMatrixMultiplication.csproj", "{786F018C-568A-49AF-8EF2-F7A73D289BC2}"
EndProject
Project("{FAE04EC0-301F-11D3-BF4B-00C04F79EFBC}") = "MatrixTests", "MatrixTests\MatrixTests.csproj", "{EED7A5BC-6142-4E8B-A79C-361975FA934D}"
EndProject
Global
	GlobalSection(SolutionConfigurationPlatforms) = preSolution
		Debug|Any CPU = Debug|Any CPU
		Release|Any CPU = Release|Any CPU
	EndGlobalSection
	GlobalSection(ProjectConfigurationPlatforms) = postSolution
		{786F018C-568A-49AF-8EF2-F7A73D289BC2}.Debug|Any CPU.ActiveCfg = Debug|Any CPU
		{786F018C-568A-49AF-8EF2-F7A73D289BC2}.Debug|Any CPU.Build.0 = Debug|Any CPU
		{786F018C-568A-49AF-8EF2-F7A73D289BC2}.Release|Any CPU.ActiveCfg = Release|Any CPU
		{786F018C-568A-49AF-8EF2-F7A73D289BC2}.Release|Any CPU.Build.0 = Release|Any CPU
		{EED7A5BC-6142-4E8B-A79C-361975FA934D}.Debug|Any CPU.ActiveCfg = Debug|Any CPU
		{EED7A5BC-6142-4E8B-A79C-361975FA934D}.Debug|Any CPU.Build.0 = Debug|Any CPU
		{EED7A5BC-6142-4E8B-A79C-361975FA934D}.Release|Any CPU.ActiveCfg = Release|Any CPU
		{EED7A5BC-6142-4E8B-A79C-361975FA934D}.Release|Any CPU.Build.0 = Release|Any CPU
	EndGlobalSection
	GlobalSection(SolutionProperties) = preSolution
		HideSolutionNode = FALSE
	EndGlobalSection
	GlobalSection(ExtensibilityGlobals) = postSolution
		SolutionGuid = {B43615E5-7D38-482C-BD92-5FB0F2553CD1}
	EndGlobalSection
EndGlobal
